
Microsoft Visual Studio Solution File, Format Version 12.00
# Visual Studio Version 17
VisualStudioVersion = 17.13.36105.23 d17.13
MinimumVisualStudioVersion = 10.0.40219.1
Project("{FAE04EC0-301F-11D3-BF4B-00C04F79EFBC}") = "Learning___Program", "Learning___Program\Learning___Program.csproj", "{257AF7D1-25BD-493A-9536-40BBE5F59DEC}"
EndProject
Global
	GlobalSection(SolutionConfigurationPlatforms) = preSolution
		Debug|Any CPU = Debug|Any CPU
		Release|Any CPU = Release|Any CPU
	EndGlobalSection
	GlobalSection(ProjectConfigurationPlatforms) = postSolution
		{257AF7D1-25BD-493A-9536-40BBE5F59DEC}.Debug|Any CPU.ActiveCfg = Debug|Any CPU
		{257AF7D1-25BD-493A-9536-40BBE5F59DEC}.Debug|Any CPU.Build.0 = Debug|Any CPU
		{257AF7D1-25BD-493A-9536-40BBE5F59DEC}.Release|Any CPU.ActiveCfg = Release|Any CPU
		{257AF7D1-25BD-493A-9536-40BBE5F59DEC}.Release|Any CPU.Build.0 = Release|Any CPU
	EndGlobalSection
	GlobalSection(SolutionProperties) = preSolution
		HideSolutionNode = FALSE
	EndGlobalSection
	GlobalSection(ExtensibilityGlobals) = postSolution
		SolutionGuid = {6EE3C6CD-35D9-4C1D-91DE-49E69323B1F0}
	EndGlobalSection
EndGlobal
